{
  "name": "kodikeys",
  "version": "0.4.0",
  "lockfileVersion": 2,
  "requires": true,
  "packages": {
    "": {
      "name": "kodikeys",
      "version": "0.4.0",
      "license": "MIT",
      "dependencies": {
        "argparse": "^2.0.1",
        "kodi-ws": "2.4.3",
        "terminal-kit": "^2.5.1",
        "xbmc-event-client": "0.0.2"
      },
      "bin": {
        "kodikeys": "bin/kodikeys"
      },
      "engines": {
        "node": ">=14"
      }
    },
    "node_modules/@cronvel/get-pixels": {
      "version": "3.4.1",
      "resolved": "https://registry.npmjs.org/@cronvel/get-pixels/-/get-pixels-3.4.1.tgz",
      "integrity": "sha512-gB5C5nDIacLUdsMuW8YsM9SzK3vaFANe4J11CVXpovpy7bZUGrcJKmc6m/0gWG789pKr6XSZY2aEetjFvSRw5g==",
      "dependencies": {
        "jpeg-js": "^0.4.4",
        "ndarray": "^1.0.19",
        "ndarray-pack": "^1.1.1",
        "node-bitmap": "0.0.1",
        "omggif": "^1.0.10",
        "pngjs": "^6.0.0"
      }
    },
    "node_modules/argparse": {
      "version": "2.0.1",
      "resolved": "https://registry.npmjs.org/argparse/-/argparse-2.0.1.tgz",
      "integrity": "sha512-8+9WqebbFzpX9OR+Wa6O29asIogeRMzcGtAINdpMHHyAg10f05aSFVBbcEqGf/PXw1EjAZ+q2/bEBg3DvurK3Q=="
    },
    "node_modules/chroma-js": {
      "version": "2.4.2",
      "resolved": "https://registry.npmjs.org/chroma-js/-/chroma-js-2.4.2.tgz",
      "integrity": "sha512-U9eDw6+wt7V8z5NncY2jJfZa+hUH8XEj8FQHgFJTrUFnJfXYf4Ml4adI2vXZOjqRDpFWtYVWypDfZwnJ+HIR4A=="
    },
    "node_modules/cwise-compiler": {
      "version": "1.1.3",
      "resolved": "https://registry.npmjs.org/cwise-compiler/-/cwise-compiler-1.1.3.tgz",
      "integrity": "sha512-WXlK/m+Di8DMMcCjcWr4i+XzcQra9eCdXIJrgh4TUgh0pIS/yJduLxS9JgefsHJ/YVLdgPtXm9r62W92MvanEQ==",
      "dependencies": {
        "uniq": "^1.0.0"
      }
    },
    "node_modules/get-value": {
      "version": "2.0.6",
      "resolved": "https://registry.npmjs.org/get-value/-/get-value-2.0.6.tgz",
      "integrity": "sha512-Ln0UQDlxH1BapMu3GPtf7CuYNwRZf2gwCuPqbyG6pB8WfmFpzqcy4xtAaAMUhnNqjMKTiCPZG2oMT3YSx8U2NA==",
      "engines": {
        "node": ">=0.10.0"
      }
    },
    "node_modules/has-value": {
      "version": "0.2.1",
      "resolved": "https://registry.npmjs.org/has-value/-/has-value-0.2.1.tgz",
      "integrity": "sha512-fGWNETB2JNlWk9Lcwmpj/27UZJnROnwnl3nKRl24CriGjuQP1UeCjEDxfqA0v0NyriAXnw3qFdET195atNv7KQ==",
      "dependencies": {
        "get-value": "^2.0.0",
        "has-values": "^0.1.3"
      },
      "engines": {
        "node": ">=0.10.0"
      }
    },
    "node_modules/has-values": {
      "version": "0.1.4",
      "resolved": "https://registry.npmjs.org/has-values/-/has-values-0.1.4.tgz",
      "integrity": "sha512-J8S0cEdWuQbqD9//tlZxiMuMNmxB8PlEwvYwuxsTmR1G5RXUePEX/SJn7aD0GMLieuZYSwNH0cQuJGwnYunXRQ==",
      "engines": {
        "node": ">=0.10.0"
      }
    },
    "node_modules/iota-array": {
      "version": "1.0.0",
      "resolved": "https://registry.npmjs.org/iota-array/-/iota-array-1.0.0.tgz",
      "integrity": "sha512-pZ2xT+LOHckCatGQ3DcG/a+QuEqvoxqkiL7tvE8nn3uuu+f6i1TtpB5/FtWFbxUuVr5PZCx8KskuGatbJDXOWA=="
    },
    "node_modules/is-buffer": {
      "version": "1.1.6",
      "resolved": "https://registry.npmjs.org/is-buffer/-/is-buffer-1.1.6.tgz",
      "integrity": "sha512-NcdALwpXkTm5Zvvbk7owOUSvVvBKDgKP5/ewfXEznmQFfs4ZRmanOeKBTjRVjka3QFoN6XJ+9F3USqfHqTaU5w=="
    },
    "node_modules/isobject": {
      "version": "1.0.2",
      "resolved": "https://registry.npmjs.org/isobject/-/isobject-1.0.2.tgz",
      "integrity": "sha512-WQQgFoML/sLgmhu9zTekYHZUJaPoa/fpVMQ8oxIuOvppzs70DxxyHZdAIjwcuuNDOVtNYsahhqtBbUvKwhRcGw==",
      "engines": {
        "node": ">=0.10.0"
      }
    },
    "node_modules/jpeg-js": {
      "version": "0.4.4",
      "resolved": "https://registry.npmjs.org/jpeg-js/-/jpeg-js-0.4.4.tgz",
      "integrity": "sha512-WZzeDOEtTOBK4Mdsar0IqEU5sMr3vSV2RqkAIzUEV2BHnUfKGyswWFPFwK5EeDo93K3FohSHbLAjj0s1Wzd+dg=="
    },
    "node_modules/jrpc-schema": {
      "version": "2.1.0",
      "resolved": "https://registry.npmjs.org/jrpc-schema/-/jrpc-schema-2.1.0.tgz",
      "integrity": "sha512-ZEL93GemVv8f9sT36BmaCYMlMr48qrFwZKreoc+Z3k+FoAEEOsmcQxzsxk9VOu3TkYL2dhH3iL+pkOIjicQrGg==",
      "dependencies": {
        "skeemas": "^1.1.6"
      }
    },
    "node_modules/kodi-ws": {
      "version": "2.4.3",
      "resolved": "https://registry.npmjs.org/kodi-ws/-/kodi-ws-2.4.3.tgz",
      "integrity": "sha512-vrr6QifLTL6/0PJC3lC/w9BBAy3bXEOpzxjmgok+ZDESD8S2aiZCRNYJFZIlh6cQm9jCADmzILhBsfdw1KkM2g==",
      "dependencies": {
        "has-value": "^0.2.0",
        "jrpc-schema": "^2.1.0",
        "set-value": "^0.2.0",
        "ws": "^1.1.1"
      }
    },
    "node_modules/lazyness": {
      "version": "1.2.0",
      "resolved": "https://registry.npmjs.org/lazyness/-/lazyness-1.2.0.tgz",
      "integrity": "sha512-KenL6EFbwxBwRxG93t0gcUyi0Nw0Ub31FJKN1laA4UscdkL1K1AxUd0gYZdcLU3v+x+wcFi4uQKS5hL+fk500g==",
      "engines": {
        "node": ">=6.0.0"
      }
    },
    "node_modules/ndarray": {
      "version": "1.0.19",
      "resolved": "https://registry.npmjs.org/ndarray/-/ndarray-1.0.19.tgz",
      "integrity": "sha512-B4JHA4vdyZU30ELBw3g7/p9bZupyew5a7tX1Y/gGeF2hafrPaQZhgrGQfsvgfYbgdFZjYwuEcnaobeM/WMW+HQ==",
      "dependencies": {
        "iota-array": "^1.0.0",
        "is-buffer": "^1.0.2"
      }
    },
    "node_modules/ndarray-pack": {
      "version": "1.2.1",
      "resolved": "https://registry.npmjs.org/ndarray-pack/-/ndarray-pack-1.2.1.tgz",
      "integrity": "sha512-51cECUJMT0rUZNQa09EoKsnFeDL4x2dHRT0VR5U2H5ZgEcm95ZDWcMA5JShroXjHOejmAD/fg8+H+OvUnVXz2g==",
      "dependencies": {
        "cwise-compiler": "^1.1.2",
        "ndarray": "^1.0.13"
      }
    },
    "node_modules/nextgen-events": {
      "version": "1.5.2",
      "resolved": "https://registry.npmjs.org/nextgen-events/-/nextgen-events-1.5.2.tgz",
      "integrity": "sha512-0ZEIRQywH5Oxt2IYYufRltQg/KjXhKM7f7MHve+ZIRaKnIR1PPYEXAl2WBmej5Sf0Qh2GgE/21sMRZVuOyxLzw==",
      "engines": {
        "node": ">=6.0.0"
      }
    },
    "node_modules/node-bitmap": {
      "version": "0.0.1",
      "resolved": "https://registry.npmjs.org/node-bitmap/-/node-bitmap-0.0.1.tgz",
      "integrity": "sha512-Jx5lPaaLdIaOsj2mVLWMWulXF6GQVdyLvNSxmiYCvZ8Ma2hfKX0POoR2kgKOqz+oFsRreq0yYZjQ2wjE9VNzCA==",
      "engines": {
        "node": ">=v0.6.5"
      }
    },
    "node_modules/noncharacters": {
      "version": "1.1.0",
      "resolved": "https://registry.npmjs.org/noncharacters/-/noncharacters-1.1.0.tgz",
      "integrity": "sha512-U69XzMNq7UQXR27xT17tkQsHPsLc+5W9yfXvYzVCwFxghVf+7VttxFnCKFMxM/cHD+/QIyU009263hxIIurj4g==",
      "engines": {
        "node": ">=0.10.0"
      }
    },
    "node_modules/omggif": {
      "version": "1.0.10",
      "resolved": "https://registry.npmjs.org/omggif/-/omggif-1.0.10.tgz",
      "integrity": "sha512-LMJTtvgc/nugXj0Vcrrs68Mn2D1r0zf630VNtqtpI1FEO7e+O9FP4gqs9AcnBaSEeoHIPm28u6qgPR0oyEpGSw=="
    },
    "node_modules/options": {
      "version": "0.0.6",
      "resolved": "https://registry.npmjs.org/options/-/options-0.0.6.tgz",
      "integrity": "sha512-bOj3L1ypm++N+n7CEbbe473A414AB7z+amKYshRb//iuL3MpdDCLhPnw6aVTdKB9g5ZRVHIEp8eUln6L2NUStg==",
      "engines": {
        "node": ">=0.4.0"
      }
    },
    "node_modules/pngjs": {
      "version": "6.0.0",
      "resolved": "https://registry.npmjs.org/pngjs/-/pngjs-6.0.0.tgz",
      "integrity": "sha512-TRzzuFRRmEoSW/p1KVAmiOgPco2Irlah+bGFCeNfJXxxYGwSw7YwAOAcd7X28K/m5bjBWKsC29KyoMfHbypayg==",
      "engines": {
        "node": ">=12.13.0"
      }
    },
    "node_modules/set-value": {
      "version": "0.2.0",
      "resolved": "https://registry.npmjs.org/set-value/-/set-value-0.2.0.tgz",
      "integrity": "sha512-dJaeu7V8d1KwjePimg1oOpGp31cEw/uRcZlfL7wwemkr+A00ev/ZhikvSMiQ4hkf83d8JdY2AFoFmXsKzmHMSw==",
      "deprecated": "Critical bug fixed in v3.0.1, please upgrade to the latest version.",
      "dependencies": {
        "isobject": "^1.0.0",
        "noncharacters": "^1.1.0"
      },
      "engines": {
        "node": ">=0.10.0"
      }
    },
    "node_modules/setimmediate": {
      "version": "1.0.5",
      "resolved": "https://registry.npmjs.org/setimmediate/-/setimmediate-1.0.5.tgz",
      "integrity": "sha512-MATJdZp8sLqDl/68LfQmbP8zKPLQNV6BIZoIgrscFDQ+RsvK/BxeDQOgyxKKoh0y/8h3BqVFnCqQ/gd+reiIXA=="
    },
    "node_modules/seventh": {
      "version": "0.7.40",
      "resolved": "https://registry.npmjs.org/seventh/-/seventh-0.7.40.tgz",
      "integrity": "sha512-7sxUydQx4iEh17uJUFjZDAwbffJirldZaNIJvVB/hk9mPEL3J4GpLGSL+mHFH2ydkye46DAsLGqzFJ+/Qj5foQ==",
      "dependencies": {
        "setimmediate": "^1.0.5"
      },
      "engines": {
        "node": ">=7.6.0"
      }
    },
    "node_modules/skeemas": {
      "version": "1.2.5",
      "resolved": "https://registry.npmjs.org/skeemas/-/skeemas-1.2.5.tgz",
      "integrity": "sha512-itiq9FA/8CYIUZK/jtSrzWyipJkJNgAtsVpVySuJ+laamzuk9lEdjOqgMI8gWco/UyzJkhld6QMWdZ4zFOAOIw==",
      "dependencies": {
        "skeemas-json-pointer": "^1.0.0",
        "skeemas-json-refs": "^1.0.1"
      }
    },
    "node_modules/skeemas-json-pointer": {
      "version": "1.0.0",
      "resolved": "https://registry.npmjs.org/skeemas-json-pointer/-/skeemas-json-pointer-1.0.0.tgz",
      "integrity": "sha512-bJRs1ZPzE/SqMOFrC7KroKcmO7sERrfL/XHdLZ2x4vJkU0TMlttSfRWGBrv08F6+243Zit5V25utxqEkcC0zZw=="
    },
    "node_modules/skeemas-json-refs": {
      "version": "1.0.1",
      "resolved": "https://registry.npmjs.org/skeemas-json-refs/-/skeemas-json-refs-1.0.1.tgz",
      "integrity": "sha512-nX5NXXxZ5y33Lx/PiolFzokJ9cbLXNmlYtTaybV2dvCfAWKrtZcoLlFV5I4GSSDTLp/YAABY/83tqa2z36Ll9g==",
      "dependencies": {
        "skeemas-json-pointer": "^1.0.0"
      }
    },
    "node_modules/string-kit": {
      "version": "0.17.3",
      "resolved": "https://registry.npmjs.org/string-kit/-/string-kit-0.17.3.tgz",
      "integrity": "sha512-cLa1oUigGS44BTbFXPWaOVYmjbpXb7mrh+Pw86BOx8ISPAJ3XtGAujKVdXGkCRRW2F5UJLgOlHjsdE4scO9lTg==",
      "engines": {
        "node": ">=14.15.0"
      }
    },
    "node_modules/terminal-kit": {
      "version": "2.5.1",
      "resolved": "https://registry.npmjs.org/terminal-kit/-/terminal-kit-2.5.1.tgz",
      "integrity": "sha512-Pr7V4yumtoS/8zPPIh2lyYZC5IHVRi1kR1EALZJqzXabSemZQN33AALhUqGwEdGjLkivwpAQS1A7J/fbu2U8Ig==",
      "dependencies": {
        "@cronvel/get-pixels": "^3.4.1",
        "chroma-js": "^2.4.2",
        "lazyness": "^1.2.0",
        "ndarray": "^1.0.19",
        "nextgen-events": "^1.5.2",
        "seventh": "^0.7.40",
        "string-kit": "^0.17.3",
        "tree-kit": "^0.7.4"
      },
      "engines": {
        "node": ">=14.15.0"
      }
    },
    "node_modules/tree-kit": {
      "version": "0.7.4",
      "resolved": "https://registry.npmjs.org/tree-kit/-/tree-kit-0.7.4.tgz",
      "integrity": "sha512-Of3tPmVs3b6BhzyUJ7t0olisf47kYr9qAm0XaUpURMjdBn6TwiVaaMuTFoKkkvPGojd9trKAHlrGGcGKcdR1DA=="
    },
    "node_modules/ultron": {
      "version": "1.0.2",
      "resolved": "https://registry.npmjs.org/ultron/-/ultron-1.0.2.tgz",
      "integrity": "sha512-QMpnpVtYaWEeY+MwKDN/UdKlE/LsFZXM5lO1u7GaZzNgmIbGixHEmVMIKT+vqYOALu3m5GYQy9kz4Xu4IVn7Ow=="
    },
    "node_modules/uniq": {
      "version": "1.0.1",
      "resolved": "https://registry.npmjs.org/uniq/-/uniq-1.0.1.tgz",
      "integrity": "sha512-Gw+zz50YNKPDKXs+9d+aKAjVwpjNwqzvNpLigIruT4HA9lMZNdMqs9x07kKHB/L9WRzqp4+DlTU5s4wG2esdoA=="
    },
    "node_modules/ws": {
      "version": "1.1.5",
      "resolved": "https://registry.npmjs.org/ws/-/ws-1.1.5.tgz",
      "integrity": "sha512-o3KqipXNUdS7wpQzBHSe180lBGO60SoK0yVo3CYJgb2MkobuWuBX6dhkYP5ORCLd55y+SaflMOV5fqAB53ux4w==",
      "dependencies": {
        "options": ">=0.0.5",
        "ultron": "1.0.x"
      }
    },
    "node_modules/xbmc-event-client": {
      "version": "0.0.2",
      "resolved": "https://registry.npmjs.org/xbmc-event-client/-/xbmc-event-client-0.0.2.tgz",
      "integrity": "sha512-hqMP+0vjoorsXJSIoGN0zAadApUfk+7rymS75yOhSWzQj7VY3DwMdCLzPrCQEk7LFD9nEUlLX5va/NtqcqTeew==",
      "engines": {
        "node": "*"
      }
    }
  },
  "dependencies": {
    "@cronvel/get-pixels": {
      "version": "3.4.1",
      "resolved": "https://registry.npmjs.org/@cronvel/get-pixels/-/get-pixels-3.4.1.tgz",
      "integrity": "sha512-gB5C5nDIacLUdsMuW8YsM9SzK3vaFANe4J11CVXpovpy7bZUGrcJKmc6m/0gWG789pKr6XSZY2aEetjFvSRw5g==",
      "requires": {
        "jpeg-js": "^0.4.4",
        "ndarray": "^1.0.19",
        "ndarray-pack": "^1.1.1",
        "node-bitmap": "0.0.1",
        "omggif": "^1.0.10",
        "pngjs": "^6.0.0"
      }
    },
    "argparse": {
      "version": "2.0.1",
      "resolved": "https://registry.npmjs.org/argparse/-/argparse-2.0.1.tgz",
      "integrity": "sha512-8+9WqebbFzpX9OR+Wa6O29asIogeRMzcGtAINdpMHHyAg10f05aSFVBbcEqGf/PXw1EjAZ+q2/bEBg3DvurK3Q=="
    },
    "chroma-js": {
      "version": "2.4.2",
      "resolved": "https://registry.npmjs.org/chroma-js/-/chroma-js-2.4.2.tgz",
      "integrity": "sha512-U9eDw6+wt7V8z5NncY2jJfZa+hUH8XEj8FQHgFJTrUFnJfXYf4Ml4adI2vXZOjqRDpFWtYVWypDfZwnJ+HIR4A=="
    },
    "cwise-compiler": {
      "version": "1.1.3",
      "resolved": "https://registry.npmjs.org/cwise-compiler/-/cwise-compiler-1.1.3.tgz",
      "integrity": "sha512-WXlK/m+Di8DMMcCjcWr4i+XzcQra9eCdXIJrgh4TUgh0pIS/yJduLxS9JgefsHJ/YVLdgPtXm9r62W92MvanEQ==",
      "requires": {
        "uniq": "^1.0.0"
      }
    },
    "get-value": {
      "version": "2.0.6",
      "resolved": "https://registry.npmjs.org/get-value/-/get-value-2.0.6.tgz",
      "integrity": "sha512-Ln0UQDlxH1BapMu3GPtf7CuYNwRZf2gwCuPqbyG6pB8WfmFpzqcy4xtAaAMUhnNqjMKTiCPZG2oMT3YSx8U2NA=="
    },
    "has-value": {
      "version": "0.2.1",
      "resolved": "https://registry.npmjs.org/has-value/-/has-value-0.2.1.tgz",
      "integrity": "sha512-fGWNETB2JNlWk9Lcwmpj/27UZJnROnwnl3nKRl24CriGjuQP1UeCjEDxfqA0v0NyriAXnw3qFdET195atNv7KQ==",
      "requires": {
        "get-value": "^2.0.0",
        "has-values": "^0.1.3"
      }
    },
    "has-values": {
      "version": "0.1.4",
      "resolved": "https://registry.npmjs.org/has-values/-/has-values-0.1.4.tgz",
      "integrity": "sha512-J8S0cEdWuQbqD9//tlZxiMuMNmxB8PlEwvYwuxsTmR1G5RXUePEX/SJn7aD0GMLieuZYSwNH0cQuJGwnYunXRQ=="
    },
    "iota-array": {
      "version": "1.0.0",
      "resolved": "https://registry.npmjs.org/iota-array/-/iota-array-1.0.0.tgz",
      "integrity": "sha512-pZ2xT+LOHckCatGQ3DcG/a+QuEqvoxqkiL7tvE8nn3uuu+f6i1TtpB5/FtWFbxUuVr5PZCx8KskuGatbJDXOWA=="
    },
    "is-buffer": {
      "version": "1.1.6",
      "resolved": "https://registry.npmjs.org/is-buffer/-/is-buffer-1.1.6.tgz",
      "integrity": "sha512-NcdALwpXkTm5Zvvbk7owOUSvVvBKDgKP5/ewfXEznmQFfs4ZRmanOeKBTjRVjka3QFoN6XJ+9F3USqfHqTaU5w=="
    },
    "isobject": {
      "version": "1.0.2",
      "resolved": "https://registry.npmjs.org/isobject/-/isobject-1.0.2.tgz",
      "integrity": "sha512-WQQgFoML/sLgmhu9zTekYHZUJaPoa/fpVMQ8oxIuOvppzs70DxxyHZdAIjwcuuNDOVtNYsahhqtBbUvKwhRcGw=="
    },
    "jpeg-js": {
      "version": "0.4.4",
      "resolved": "https://registry.npmjs.org/jpeg-js/-/jpeg-js-0.4.4.tgz",
      "integrity": "sha512-WZzeDOEtTOBK4Mdsar0IqEU5sMr3vSV2RqkAIzUEV2BHnUfKGyswWFPFwK5EeDo93K3FohSHbLAjj0s1Wzd+dg=="
    },
    "jrpc-schema": {
      "version": "2.1.0",
      "resolved": "https://registry.npmjs.org/jrpc-schema/-/jrpc-schema-2.1.0.tgz",
      "integrity": "sha512-ZEL93GemVv8f9sT36BmaCYMlMr48qrFwZKreoc+Z3k+FoAEEOsmcQxzsxk9VOu3TkYL2dhH3iL+pkOIjicQrGg==",
      "requires": {
        "skeemas": "^1.1.6"
      }
    },
    "kodi-ws": {
      "version": "2.4.3",
      "resolved": "https://registry.npmjs.org/kodi-ws/-/kodi-ws-2.4.3.tgz",
      "integrity": "sha512-vrr6QifLTL6/0PJC3lC/w9BBAy3bXEOpzxjmgok+ZDESD8S2aiZCRNYJFZIlh6cQm9jCADmzILhBsfdw1KkM2g==",
      "requires": {
        "has-value": "^0.2.0",
        "jrpc-schema": "^2.1.0",
        "set-value": "^0.2.0",
        "ws": "^1.1.1"
      }
    },
    "lazyness": {
      "version": "1.2.0",
      "resolved": "https://registry.npmjs.org/lazyness/-/lazyness-1.2.0.tgz",
      "integrity": "sha512-KenL6EFbwxBwRxG93t0gcUyi0Nw0Ub31FJKN1laA4UscdkL1K1AxUd0gYZdcLU3v+x+wcFi4uQKS5hL+fk500g=="
    },
    "ndarray": {
      "version": "1.0.19",
      "resolved": "https://registry.npmjs.org/ndarray/-/ndarray-1.0.19.tgz",
      "integrity": "sha512-B4JHA4vdyZU30ELBw3g7/p9bZupyew5a7tX1Y/gGeF2hafrPaQZhgrGQfsvgfYbgdFZjYwuEcnaobeM/WMW+HQ==",
      "requires": {
        "iota-array": "^1.0.0",
        "is-buffer": "^1.0.2"
      }
    },
    "ndarray-pack": {
      "version": "1.2.1",
      "resolved": "https://registry.npmjs.org/ndarray-pack/-/ndarray-pack-1.2.1.tgz",
      "integrity": "sha512-51cECUJMT0rUZNQa09EoKsnFeDL4x2dHRT0VR5U2H5ZgEcm95ZDWcMA5JShroXjHOejmAD/fg8+H+OvUnVXz2g==",
      "requires": {
        "cwise-compiler": "^1.1.2",
        "ndarray": "^1.0.13"
      }
    },
    "nextgen-events": {
      "version": "1.5.2",
      "resolved": "https://registry.npmjs.org/nextgen-events/-/nextgen-events-1.5.2.tgz",
      "integrity": "sha512-0ZEIRQywH5Oxt2IYYufRltQg/KjXhKM7f7MHve+ZIRaKnIR1PPYEXAl2WBmej5Sf0Qh2GgE/21sMRZVuOyxLzw=="
    },
    "node-bitmap": {
      "version": "0.0.1",
      "resolved": "https://registry.npmjs.org/node-bitmap/-/node-bitmap-0.0.1.tgz",
      "integrity": "sha512-Jx5lPaaLdIaOsj2mVLWMWulXF6GQVdyLvNSxmiYCvZ8Ma2hfKX0POoR2kgKOqz+oFsRreq0yYZjQ2wjE9VNzCA=="
    },
    "noncharacters": {
      "version": "1.1.0",
      "resolved": "https://registry.npmjs.org/noncharacters/-/noncharacters-1.1.0.tgz",
      "integrity": "sha512-U69XzMNq7UQXR27xT17tkQsHPsLc+5W9yfXvYzVCwFxghVf+7VttxFnCKFMxM/cHD+/QIyU009263hxIIurj4g=="
    },
    "omggif": {
      "version": "1.0.10",
      "resolved": "https://registry.npmjs.org/omggif/-/omggif-1.0.10.tgz",
      "integrity": "sha512-LMJTtvgc/nugXj0Vcrrs68Mn2D1r0zf630VNtqtpI1FEO7e+O9FP4gqs9AcnBaSEeoHIPm28u6qgPR0oyEpGSw=="
    },
    "options": {
      "version": "0.0.6",
      "resolved": "https://registry.npmjs.org/options/-/options-0.0.6.tgz",
      "integrity": "sha512-bOj3L1ypm++N+n7CEbbe473A414AB7z+amKYshRb//iuL3MpdDCLhPnw6aVTdKB9g5ZRVHIEp8eUln6L2NUStg=="
    },
    "pngjs": {
      "version": "6.0.0",
      "resolved": "https://registry.npmjs.org/pngjs/-/pngjs-6.0.0.tgz",
      "integrity": "sha512-TRzzuFRRmEoSW/p1KVAmiOgPco2Irlah+bGFCeNfJXxxYGwSw7YwAOAcd7X28K/m5bjBWKsC29KyoMfHbypayg=="
    },
    "set-value": {
      "version": "0.2.0",
      "resolved": "https://registry.npmjs.org/set-value/-/set-value-0.2.0.tgz",
      "integrity": "sha512-dJaeu7V8d1KwjePimg1oOpGp31cEw/uRcZlfL7wwemkr+A00ev/ZhikvSMiQ4hkf83d8JdY2AFoFmXsKzmHMSw==",
      "requires": {
        "isobject": "^1.0.0",
        "noncharacters": "^1.1.0"
      }
    },
    "setimmediate": {
      "version": "1.0.5",
      "resolved": "https://registry.npmjs.org/setimmediate/-/setimmediate-1.0.5.tgz",
      "integrity": "sha512-MATJdZp8sLqDl/68LfQmbP8zKPLQNV6BIZoIgrscFDQ+RsvK/BxeDQOgyxKKoh0y/8h3BqVFnCqQ/gd+reiIXA=="
    },
    "seventh": {
      "version": "0.7.40",
      "resolved": "https://registry.npmjs.org/seventh/-/seventh-0.7.40.tgz",
      "integrity": "sha512-7sxUydQx4iEh17uJUFjZDAwbffJirldZaNIJvVB/hk9mPEL3J4GpLGSL+mHFH2ydkye46DAsLGqzFJ+/Qj5foQ==",
      "requires": {
        "setimmediate": "^1.0.5"
      }
    },
    "skeemas": {
      "version": "1.2.5",
      "resolved": "https://registry.npmjs.org/skeemas/-/skeemas-1.2.5.tgz",
      "integrity": "sha512-itiq9FA/8CYIUZK/jtSrzWyipJkJNgAtsVpVySuJ+laamzuk9lEdjOqgMI8gWco/UyzJkhld6QMWdZ4zFOAOIw==",
      "requires": {
        "skeemas-json-pointer": "^1.0.0",
        "skeemas-json-refs": "^1.0.1"
      }
    },
    "skeemas-json-pointer": {
      "version": "1.0.0",
      "resolved": "https://registry.npmjs.org/skeemas-json-pointer/-/skeemas-json-pointer-1.0.0.tgz",
      "integrity": "sha512-bJRs1ZPzE/SqMOFrC7KroKcmO7sERrfL/XHdLZ2x4vJkU0TMlttSfRWGBrv08F6+243Zit5V25utxqEkcC0zZw=="
    },
    "skeemas-json-refs": {
      "version": "1.0.1",
      "resolved": "https://registry.npmjs.org/skeemas-json-refs/-/skeemas-json-refs-1.0.1.tgz",
      "integrity": "sha512-nX5NXXxZ5y33Lx/PiolFzokJ9cbLXNmlYtTaybV2dvCfAWKrtZcoLlFV5I4GSSDTLp/YAABY/83tqa2z36Ll9g==",
      "requires": {
        "skeemas-json-pointer": "^1.0.0"
      }
    },
    "string-kit": {
      "version": "0.17.3",
      "resolved": "https://registry.npmjs.org/string-kit/-/string-kit-0.17.3.tgz",
      "integrity": "sha512-cLa1oUigGS44BTbFXPWaOVYmjbpXb7mrh+Pw86BOx8ISPAJ3XtGAujKVdXGkCRRW2F5UJLgOlHjsdE4scO9lTg=="
    },
    "terminal-kit": {
      "version": "2.5.1",
      "resolved": "https://registry.npmjs.org/terminal-kit/-/terminal-kit-2.5.1.tgz",
      "integrity": "sha512-Pr7V4yumtoS/8zPPIh2lyYZC5IHVRi1kR1EALZJqzXabSemZQN33AALhUqGwEdGjLkivwpAQS1A7J/fbu2U8Ig==",
      "requires": {
        "@cronvel/get-pixels": "^3.4.1",
        "chroma-js": "^2.4.2",
        "lazyness": "^1.2.0",
        "ndarray": "^1.0.19",
        "nextgen-events": "^1.5.2",
        "seventh": "^0.7.40",
        "string-kit": "^0.17.3",
        "tree-kit": "^0.7.4"
      }
    },
    "tree-kit": {
      "version": "0.7.4",
      "resolved": "https://registry.npmjs.org/tree-kit/-/tree-kit-0.7.4.tgz",
      "integrity": "sha512-Of3tPmVs3b6BhzyUJ7t0olisf47kYr9qAm0XaUpURMjdBn6TwiVaaMuTFoKkkvPGojd9trKAHlrGGcGKcdR1DA=="
    },
    "ultron": {
      "version": "1.0.2",
      "resolved": "https://registry.npmjs.org/ultron/-/ultron-1.0.2.tgz",
      "integrity": "sha512-QMpnpVtYaWEeY+MwKDN/UdKlE/LsFZXM5lO1u7GaZzNgmIbGixHEmVMIKT+vqYOALu3m5GYQy9kz4Xu4IVn7Ow=="
    },
    "uniq": {
      "version": "1.0.1",
      "resolved": "https://registry.npmjs.org/uniq/-/uniq-1.0.1.tgz",
      "integrity": "sha512-Gw+zz50YNKPDKXs+9d+aKAjVwpjNwqzvNpLigIruT4HA9lMZNdMqs9x07kKHB/L9WRzqp4+DlTU5s4wG2esdoA=="
    },
    "ws": {
      "version": "1.1.5",
      "resolved": "https://registry.npmjs.org/ws/-/ws-1.1.5.tgz",
      "integrity": "sha512-o3KqipXNUdS7wpQzBHSe180lBGO60SoK0yVo3CYJgb2MkobuWuBX6dhkYP5ORCLd55y+SaflMOV5fqAB53ux4w==",
      "requires": {
        "options": ">=0.0.5",
        "ultron": "1.0.x"
      }
    },
    "xbmc-event-client": {
      "version": "0.0.2",
      "resolved": "https://registry.npmjs.org/xbmc-event-client/-/xbmc-event-client-0.0.2.tgz",
      "integrity": "sha512-hqMP+0vjoorsXJSIoGN0zAadApUfk+7rymS75yOhSWzQj7VY3DwMdCLzPrCQEk7LFD9nEUlLX5va/NtqcqTeew=="
    }
  }
}
