{
  "name": "kodikeys",
  "version": "0.2.0",
  "lockfileVersion": 1,
  "requires": true,
  "dependencies": {
    "@cronvel/get-pixels": {
      "version": "3.3.1",
      "resolved": "https://registry.npmjs.org/@cronvel/get-pixels/-/get-pixels-3.3.1.tgz",
      "integrity": "sha512-jgDb8vGPkpjRDbiYyHTI2Bna4HJysjPNSiERzBnRJjCR/YqC3u0idTae0tmNECsaZLOpAWmlK9wiIwnLGIT9Bg==",
      "requires": {
        "jpeg-js": "^0.1.1",
        "ndarray": "^1.0.13",
        "ndarray-pack": "^1.1.1",
        "node-bitmap": "0.0.1",
        "omggif": "^1.0.5",
        "pngjs": "^2.0.0"
      }
    },
    "argparse": {
      "version": "1.0.10",
      "resolved": "https://registry.npmjs.org/argparse/-/argparse-1.0.10.tgz",
      "integrity": "sha512-o5Roy6tNG4SL/FOkCAN6RzjiakZS25RLYFrcMttJqbdd8BWrnA+fGz57iN5Pb06pvBGvl5gQ0B48dJlslXvoTg==",
      "requires": {
        "sprintf-js": "~1.0.2"
      }
    },
    "cwise-compiler": {
      "version": "1.1.3",
      "resolved": "https://registry.npmjs.org/cwise-compiler/-/cwise-compiler-1.1.3.tgz",
      "integrity": "sha1-9NZnQQ6FDToxOn0tt7HlBbsDTMU=",
      "requires": {
        "uniq": "^1.0.0"
      }
    },
    "get-value": {
      "version": "2.0.6",
      "resolved": "https://registry.npmjs.org/get-value/-/get-value-2.0.6.tgz",
      "integrity": "sha1-3BXKHGcjh8p2vTesCjlbogQqLCg="
    },
    "has-value": {
      "version": "0.2.1",
      "resolved": "https://registry.npmjs.org/has-value/-/has-value-0.2.1.tgz",
      "integrity": "sha1-27FNoUDUKai81PCJvBkPfbML73A=",
      "requires": {
        "get-value": "^2.0.0",
        "has-values": "^0.1.3"
      }
    },
    "has-values": {
      "version": "0.1.4",
      "resolved": "https://registry.npmjs.org/has-values/-/has-values-0.1.4.tgz",
      "integrity": "sha1-bWHeldkd/Km5oCCJrThL/49it3E="
    },
    "iota-array": {
      "version": "1.0.0",
      "resolved": "https://registry.npmjs.org/iota-array/-/iota-array-1.0.0.tgz",
      "integrity": "sha1-ge9X/l0FgUzVjCSDYyqZwwoOgIc="
    },
    "is-buffer": {
      "version": "1.1.6",
      "resolved": "https://registry.npmjs.org/is-buffer/-/is-buffer-1.1.6.tgz",
      "integrity": "sha512-NcdALwpXkTm5Zvvbk7owOUSvVvBKDgKP5/ewfXEznmQFfs4ZRmanOeKBTjRVjka3QFoN6XJ+9F3USqfHqTaU5w=="
    },
    "isobject": {
      "version": "1.0.2",
      "resolved": "https://registry.npmjs.org/isobject/-/isobject-1.0.2.tgz",
      "integrity": "sha1-8Pm4zpLdVA+gdAiC44NaLgIux4o="
    },
    "jpeg-js": {
      "version": "0.1.2",
      "resolved": "https://registry.npmjs.org/jpeg-js/-/jpeg-js-0.1.2.tgz",
      "integrity": "sha1-E1uZLAV1yYXPoPSUoyJ+0jhYPs4="
    },
    "jrpc-schema": {
      "version": "2.1.0",
      "resolved": "https://registry.npmjs.org/jrpc-schema/-/jrpc-schema-2.1.0.tgz",
      "integrity": "sha1-7oyypGwLrsP8Id/euj42+ubb0bg=",
      "requires": {
        "skeemas": "^1.1.6"
      }
    },
    "kodi-ws": {
      "version": "2.4.3",
      "resolved": "https://registry.npmjs.org/kodi-ws/-/kodi-ws-2.4.3.tgz",
      "integrity": "sha1-JXVGAZnLM9kZt0WndgVusI1Shks=",
      "requires": {
        "has-value": "^0.2.0",
        "jrpc-schema": "^2.1.0",
        "set-value": "^0.2.0",
        "ws": "^1.1.1"
      }
    },
    "lazyness": {
      "version": "1.1.1",
      "resolved": "https://registry.npmjs.org/lazyness/-/lazyness-1.1.1.tgz",
      "integrity": "sha512-rYHC6l6LeRlJSt5jxpqN8z/49gZ0CqLi89HAGzJjHahCFlqEjFGFN9O15hmzSzUGFl7zN/vOWduv/+0af3r/kQ=="
    },
    "ndarray": {
      "version": "1.0.18",
      "resolved": "https://registry.npmjs.org/ndarray/-/ndarray-1.0.18.tgz",
      "integrity": "sha1-tg06cyJOxVXQ+qeXEeUCRI/T95M=",
      "requires": {
        "iota-array": "^1.0.0",
        "is-buffer": "^1.0.2"
      }
    },
    "ndarray-pack": {
      "version": "1.2.1",
      "resolved": "https://registry.npmjs.org/ndarray-pack/-/ndarray-pack-1.2.1.tgz",
      "integrity": "sha1-jK6+qqJNXs9w/4YCBjeXfajuWFo=",
      "requires": {
        "cwise-compiler": "^1.1.2",
        "ndarray": "^1.0.13"
      }
    },
    "nextgen-events": {
      "version": "1.1.0",
      "resolved": "https://registry.npmjs.org/nextgen-events/-/nextgen-events-1.1.0.tgz",
      "integrity": "sha512-Emz5rh584fygInd3gtwP+xGyJhEnyxQa0/Xbmw8sbpXVGV/luqDnVPq1cQopYR7qg6KUlPfwWVhxrhZri1wDAw=="
    },
    "node-bitmap": {
      "version": "0.0.1",
      "resolved": "https://registry.npmjs.org/node-bitmap/-/node-bitmap-0.0.1.tgz",
      "integrity": "sha1-GA6scAPgxwdhjvMTaPYvhLKmkJE="
    },
    "noncharacters": {
      "version": "1.1.0",
      "resolved": "https://registry.npmjs.org/noncharacters/-/noncharacters-1.1.0.tgz",
      "integrity": "sha1-rzPfMP1Q7TxTzSAiWPJa2pC1QNI="
    },
    "omggif": {
      "version": "1.0.9",
      "resolved": "https://registry.npmjs.org/omggif/-/omggif-1.0.9.tgz",
      "integrity": "sha1-3LcCTazVDFK00wPwSALJHAV8dl8="
    },
    "options": {
      "version": "0.0.6",
      "resolved": "https://registry.npmjs.org/options/-/options-0.0.6.tgz",
      "integrity": "sha1-7CLTEoBrtT5zF3Pnza788cZDEo8="
    },
    "pngjs": {
      "version": "2.3.1",
      "resolved": "https://registry.npmjs.org/pngjs/-/pngjs-2.3.1.tgz",
      "integrity": "sha1-EdHhK5y2TWPjDBQ6Mw9MH1Z9qF8="
    },
    "set-value": {
      "version": "0.2.0",
      "resolved": "https://registry.npmjs.org/set-value/-/set-value-0.2.0.tgz",
      "integrity": "sha1-c7CmglwVjGoWqCu9yVd1vyqCX6s=",
      "requires": {
        "isobject": "^1.0.0",
        "noncharacters": "^1.1.0"
      }
    },
    "setimmediate": {
      "version": "1.0.5",
      "resolved": "https://registry.npmjs.org/setimmediate/-/setimmediate-1.0.5.tgz",
      "integrity": "sha1-KQy7Iy4waULX1+qbg3Mqt4VvgoU="
    },
    "seventh": {
      "version": "0.7.18",
      "resolved": "https://registry.npmjs.org/seventh/-/seventh-0.7.18.tgz",
      "integrity": "sha512-fwO9/Ogh28KdAUz71fgJBn3NezuFWaiVLa2HW2/6TlAGsUzTUVPIuxQEGMKqPNerTJ+ZZDrFlPH98sdvBZpa1A==",
      "requires": {
        "setimmediate": "^1.0.5"
      }
    },
    "skeemas": {
      "version": "1.2.5",
      "resolved": "https://registry.npmjs.org/skeemas/-/skeemas-1.2.5.tgz",
      "integrity": "sha512-itiq9FA/8CYIUZK/jtSrzWyipJkJNgAtsVpVySuJ+laamzuk9lEdjOqgMI8gWco/UyzJkhld6QMWdZ4zFOAOIw==",
      "requires": {
        "skeemas-json-pointer": "^1.0.0",
        "skeemas-json-refs": "^1.0.1"
      }
    },
    "skeemas-json-pointer": {
      "version": "1.0.0",
      "resolved": "https://registry.npmjs.org/skeemas-json-pointer/-/skeemas-json-pointer-1.0.0.tgz",
      "integrity": "sha1-xlL+60IfHLeEn9iKDAQn0VOQSL0="
    },
    "skeemas-json-refs": {
      "version": "1.0.1",
      "resolved": "https://registry.npmjs.org/skeemas-json-refs/-/skeemas-json-refs-1.0.1.tgz",
      "integrity": "sha1-OoNHJ44gd4rUmdfkOdbkTE9WWAc=",
      "requires": {
        "skeemas-json-pointer": "^1.0.0"
      }
    },
    "sprintf-js": {
      "version": "1.0.3",
      "resolved": "https://registry.npmjs.org/sprintf-js/-/sprintf-js-1.0.3.tgz",
      "integrity": "sha1-BOaSb2YolTVPPdAVIDYzuFcpfiw="
    },
    "string-kit": {
      "version": "0.9.1",
      "resolved": "https://registry.npmjs.org/string-kit/-/string-kit-0.9.1.tgz",
      "integrity": "sha512-2iWkq43jbvG7WSqei4iVlpjmA7JWgqIC4lHgpwib0687B2d3qUOQQeaVDjqyG4Epuxx/0NY87zOqOyIjZVKxVA=="
    },
    "terminal-kit": {
      "version": "1.26.11",
      "resolved": "https://registry.npmjs.org/terminal-kit/-/terminal-kit-1.26.11.tgz",
      "integrity": "sha512-JZNJ+1Ht67QBMbr10nHKWskQBFLdu9csOxVpDE33vpJWkG2gsNCuoEX4eihin6l2un7eUP7dMh/6O02DNzG1Ag==",
      "requires": {
        "@cronvel/get-pixels": "^3.3.1",
        "lazyness": "^1.1.1",
        "ndarray": "^1.0.18",
        "nextgen-events": "^1.1.0",
        "seventh": "^0.7.18",
        "string-kit": "^0.9.0",
        "tree-kit": "^0.6.0"
      }
    },
    "tree-kit": {
      "version": "0.6.1",
      "resolved": "https://registry.npmjs.org/tree-kit/-/tree-kit-0.6.1.tgz",
      "integrity": "sha512-7mV4KbsLMuA6ths3J1wpVUj2PLmLdoNEGnP9fm3kxef4UXYC/A0rL5gKsqtkUaCMuRYUMORyioy8IpBWUBQ1Ig=="
    },
    "ultron": {
      "version": "1.0.2",
      "resolved": "https://registry.npmjs.org/ultron/-/ultron-1.0.2.tgz",
      "integrity": "sha1-rOEWq1V80Zc4ak6I9GhTeMiy5Po="
    },
    "uniq": {
      "version": "1.0.1",
      "resolved": "https://registry.npmjs.org/uniq/-/uniq-1.0.1.tgz",
      "integrity": "sha1-sxxa6CVIRKOoKBVBzisEuGWnNP8="
    },
    "ws": {
      "version": "1.1.5",
      "resolved": "https://registry.npmjs.org/ws/-/ws-1.1.5.tgz",
      "integrity": "sha512-o3KqipXNUdS7wpQzBHSe180lBGO60SoK0yVo3CYJgb2MkobuWuBX6dhkYP5ORCLd55y+SaflMOV5fqAB53ux4w==",
      "requires": {
        "options": ">=0.0.5",
        "ultron": "1.0.x"
      }
    },
    "xbmc-event-client": {
      "version": "0.0.2",
      "resolved": "https://registry.npmjs.org/xbmc-event-client/-/xbmc-event-client-0.0.2.tgz",
      "integrity": "sha1-JfJw0clHUHRSIXOM0y+m1hvpTK8="
    }
  }
}
