{
  "name": "kodikeys",
  "version": "0.2.0",
  "lockfileVersion": 1,
  "requires": true,
  "dependencies": {
    "argparse": {
      "version": "1.0.10",
      "resolved": "https://registry.npmjs.org/argparse/-/argparse-1.0.10.tgz",
      "integrity": "sha512-o5Roy6tNG4SL/FOkCAN6RzjiakZS25RLYFrcMttJqbdd8BWrnA+fGz57iN5Pb06pvBGvl5gQ0B48dJlslXvoTg==",
      "requires": {
        "sprintf-js": "~1.0.2"
      }
    },
    "async-kit": {
      "version": "2.2.4",
      "resolved": "https://registry.npmjs.org/async-kit/-/async-kit-2.2.4.tgz",
      "integrity": "sha512-LuWbpSYdTwrGv5MWhsUY69UaQAc3AYMwf/LwTupotu/ubb/1TjDd03WK1eoMXRK/s3bmi4aUkKY0TmxYQgRrmw==",
      "requires": {
        "nextgen-events": "^0.14.5",
        "tree-kit": "^0.5.27"
      },
      "dependencies": {
        "nextgen-events": {
          "version": "0.14.6",
          "resolved": "https://registry.npmjs.org/nextgen-events/-/nextgen-events-0.14.6.tgz",
          "integrity": "sha512-Ln9d5Midoah7RCxFk8z9tAAcRW/VkB4wZ61Nnw8aqM1/lb/WfPAnlzpLGYRghEjwZdXQNQedTfD/gclYMeI0eQ=="
        }
      }
    },
    "get-value": {
      "version": "2.0.6",
      "resolved": "https://registry.npmjs.org/get-value/-/get-value-2.0.6.tgz",
      "integrity": "sha1-3BXKHGcjh8p2vTesCjlbogQqLCg="
    },
    "has-value": {
      "version": "0.2.1",
      "resolved": "https://registry.npmjs.org/has-value/-/has-value-0.2.1.tgz",
      "integrity": "sha1-27FNoUDUKai81PCJvBkPfbML73A=",
      "requires": {
        "get-value": "^2.0.0",
        "has-values": "^0.1.3"
      }
    },
    "has-values": {
      "version": "0.1.4",
      "resolved": "https://registry.npmjs.org/has-values/-/has-values-0.1.4.tgz",
      "integrity": "sha1-bWHeldkd/Km5oCCJrThL/49it3E="
    },
    "isobject": {
      "version": "1.0.2",
      "resolved": "https://registry.npmjs.org/isobject/-/isobject-1.0.2.tgz",
      "integrity": "sha1-8Pm4zpLdVA+gdAiC44NaLgIux4o="
    },
    "jrpc-schema": {
      "version": "2.1.0",
      "resolved": "https://registry.npmjs.org/jrpc-schema/-/jrpc-schema-2.1.0.tgz",
      "integrity": "sha1-7oyypGwLrsP8Id/euj42+ubb0bg=",
      "requires": {
        "skeemas": "^1.1.6"
      }
    },
    "kodi-ws": {
      "version": "https://github.com/bartels/kodi-ws/archive/custom.tar.gz",
      "integrity": "sha512-f69dOYQ5JJWFyKAJRb/V+B5zkKM4SnGj+gbAw1dZ3nqhvoQYuphbob5+Tfe1+gcsBKzAzR+qDKgObn2XFqIL7w==",
      "requires": {
        "has-value": "^0.2.0",
        "jrpc-schema": "^2.1.0",
        "set-value": "^0.2.0",
        "ws": "^1.1.1"
      }
    },
    "nextgen-events": {
      "version": "0.9.9",
      "resolved": "https://registry.npmjs.org/nextgen-events/-/nextgen-events-0.9.9.tgz",
      "integrity": "sha1-OaivxKK4RTiMV+LGu5cWcRmGo6A="
    },
    "noncharacters": {
      "version": "1.1.0",
      "resolved": "https://registry.npmjs.org/noncharacters/-/noncharacters-1.1.0.tgz",
      "integrity": "sha1-rzPfMP1Q7TxTzSAiWPJa2pC1QNI="
    },
    "options": {
      "version": "0.0.6",
      "resolved": "https://registry.npmjs.org/options/-/options-0.0.6.tgz",
      "integrity": "sha1-7CLTEoBrtT5zF3Pnza788cZDEo8="
    },
    "set-value": {
      "version": "0.2.0",
      "resolved": "https://registry.npmjs.org/set-value/-/set-value-0.2.0.tgz",
      "integrity": "sha1-c7CmglwVjGoWqCu9yVd1vyqCX6s=",
      "requires": {
        "isobject": "^1.0.0",
        "noncharacters": "^1.1.0"
      }
    },
    "skeemas": {
      "version": "1.2.5",
      "resolved": "https://registry.npmjs.org/skeemas/-/skeemas-1.2.5.tgz",
      "integrity": "sha512-itiq9FA/8CYIUZK/jtSrzWyipJkJNgAtsVpVySuJ+laamzuk9lEdjOqgMI8gWco/UyzJkhld6QMWdZ4zFOAOIw==",
      "requires": {
        "skeemas-json-pointer": "^1.0.0",
        "skeemas-json-refs": "^1.0.1"
      }
    },
    "skeemas-json-pointer": {
      "version": "1.0.0",
      "resolved": "https://registry.npmjs.org/skeemas-json-pointer/-/skeemas-json-pointer-1.0.0.tgz",
      "integrity": "sha1-xlL+60IfHLeEn9iKDAQn0VOQSL0="
    },
    "skeemas-json-refs": {
      "version": "1.0.1",
      "resolved": "https://registry.npmjs.org/skeemas-json-refs/-/skeemas-json-refs-1.0.1.tgz",
      "integrity": "sha1-OoNHJ44gd4rUmdfkOdbkTE9WWAc=",
      "requires": {
        "skeemas-json-pointer": "^1.0.0"
      }
    },
    "sprintf-js": {
      "version": "1.0.3",
      "resolved": "https://registry.npmjs.org/sprintf-js/-/sprintf-js-1.0.3.tgz",
      "integrity": "sha1-BOaSb2YolTVPPdAVIDYzuFcpfiw="
    },
    "string-kit": {
      "version": "0.5.27",
      "resolved": "https://registry.npmjs.org/string-kit/-/string-kit-0.5.27.tgz",
      "integrity": "sha512-folwNms0Xq4SCUmsRZfnj1uQsD1lrH/fTXdGCYgdlDxMEWMfMfvt8A3Fc60/Zwvxj74nVBBJzxc2NaW5KaeWAA==",
      "requires": {
        "tree-kit": "^0.5.24",
        "xregexp": "^3.2.0"
      }
    },
    "terminal-kit": {
      "version": "0.24.30",
      "resolved": "https://registry.npmjs.org/terminal-kit/-/terminal-kit-0.24.30.tgz",
      "integrity": "sha1-kzy66+aW4XoSm4Og4V4zXTkTe1o=",
      "requires": {
        "async-kit": "^2.1.6",
        "nextgen-events": "^0.9.5",
        "string-kit": "^0.5.10",
        "tree-kit": "^0.5.26"
      }
    },
    "tree-kit": {
      "version": "0.5.27",
      "resolved": "https://registry.npmjs.org/tree-kit/-/tree-kit-0.5.27.tgz",
      "integrity": "sha512-0AtAzYDYaKSzeEPK3SI72lg/io5jrBxnT1gIRxEQasJycpQf5iXGh6YAl1kkh9wHmLlNRhDx0oj+GZEQHVe+cw=="
    },
    "ultron": {
      "version": "1.0.2",
      "resolved": "https://registry.npmjs.org/ultron/-/ultron-1.0.2.tgz",
      "integrity": "sha1-rOEWq1V80Zc4ak6I9GhTeMiy5Po="
    },
    "ws": {
      "version": "1.1.5",
      "resolved": "https://registry.npmjs.org/ws/-/ws-1.1.5.tgz",
      "integrity": "sha512-o3KqipXNUdS7wpQzBHSe180lBGO60SoK0yVo3CYJgb2MkobuWuBX6dhkYP5ORCLd55y+SaflMOV5fqAB53ux4w==",
      "requires": {
        "options": ">=0.0.5",
        "ultron": "1.0.x"
      }
    },
    "xbmc-event-client": {
      "version": "0.0.2",
      "resolved": "https://registry.npmjs.org/xbmc-event-client/-/xbmc-event-client-0.0.2.tgz",
      "integrity": "sha1-JfJw0clHUHRSIXOM0y+m1hvpTK8="
    },
    "xregexp": {
      "version": "3.2.0",
      "resolved": "https://registry.npmjs.org/xregexp/-/xregexp-3.2.0.tgz",
      "integrity": "sha1-yzYBmHv+JpW1hAAMGPHEqMMih44="
    }
  }
}
